// !$*UTF8*$!
{
	archiveVersion = 1;
	classes = {
	};
	objectVersion = 46;
	objects = {

/* Begin PBXBuildFile section */
		192497322064DEB1003BF342 /* BHTestViewController.m in Sources */ = {isa = PBXBuildFile; fileRef = 192497312064DEB1003BF342 /* BHTestViewController.m */; };
		DCEF9A301EDEA0FE00685692 /* main.m in Sources */ = {isa = PBXBuildFile; fileRef = DCEF9A2F1EDEA0FE00685692 /* main.m */; };
		DCEF9A331EDEA0FE00685692 /* AppDelegate.m in Sources */ = {isa = PBXBuildFile; fileRef = DCEF9A321EDEA0FE00685692 /* AppDelegate.m */; };
		DCEF9A361EDEA0FE00685692 /* ViewController.m in Sources */ = {isa = PBXBuildFile; fileRef = DCEF9A351EDEA0FE00685692 /* ViewController.m */; };
		DCEF9A391EDEA0FE00685692 /* Main.storyboard in Resources */ = {isa = PBXBuildFile; fileRef = DCEF9A371EDEA0FE00685692 /* Main.storyboard */; };
		DCEF9A3B1EDEA0FE00685692 /* Assets.xcassets in Resources */ = {isa = PBXBuildFile; fileRef = DCEF9A3A1EDEA0FE00685692 /* Assets.xcassets */; };
		DCEF9A3E1EDEA0FE00685692 /* LaunchScreen.storyboard in Resources */ = {isa = PBXBuildFile; fileRef = DCEF9A3C1EDEA0FE00685692 /* LaunchScreen.storyboard */; };
		DCEF9A471EDEA1B700685692 /* ZZWebViewController.m in Sources */ = {isa = PBXBuildFile; fileRef = DCEF9A461EDEA1B700685692 /* ZZWebViewController.m */; };
		DCEF9A491EDEB92A00685692 /* test.html in Resources */ = {isa = PBXBuildFile; fileRef = DCEF9A481EDEB92A00685692 /* test.html */; };
/* End PBXBuildFile section */

/* Begin PBXFileReference section */
		192497302064DEB1003BF342 /* BHTestViewController.h */ = {isa = PBXFileReference; fileEncoding = 4; lastKnownFileType = sourcecode.c.h; path = BHTestViewController.h; sourceTree = "<group>"; };
		192497312064DEB1003BF342 /* BHTestViewController.m */ = {isa = PBXFileReference; fileEncoding = 4; lastKnownFileType = sourcecode.c.objc; path = BHTestViewController.m; sourceTree = "<group>"; };
		DCEF9A2B1EDEA0FE00685692 /* WKWebView 与 JS.app */ = {isa = PBXFileReference; explicitFileType = wrapper.application; includeInIndex = 0; path = "WKWebView 与 JS.app"; sourceTree = BUILT_PRODUCTS_DIR; };
		DCEF9A2F1EDEA0FE00685692 /* main.m */ = {isa = PBXFileReference; lastKnownFileType = sourcecode.c.objc; path = main.m; sourceTree = "<group>"; };
		DCEF9A311EDEA0FE00685692 /* AppDelegate.h */ = {isa = PBXFileReference; lastKnownFileType = sourcecode.c.h; path = AppDelegate.h; sourceTree = "<group>"; };
		DCEF9A321EDEA0FE00685692 /* AppDelegate.m */ = {isa = PBXFileReference; lastKnownFileType = sourcecode.c.objc; path = AppDelegate.m; sourceTree = "<group>"; };
		DCEF9A341EDEA0FE00685692 /* ViewController.h */ = {isa = PBXFileReference; lastKnownFileType = sourcecode.c.h; path = ViewController.h; sourceTree = "<group>"; };
		DCEF9A351EDEA0FE00685692 /* ViewController.m */ = {isa = PBXFileReference; lastKnownFileType = sourcecode.c.objc; path = ViewController.m; sourceTree = "<group>"; };
		DCEF9A381EDEA0FE00685692 /* Base */ = {isa = PBXFileReference; lastKnownFileType = file.storyboard; name = Base; path = Base.lproj/Main.storyboard; sourceTree = "<group>"; };
		DCEF9A3A1EDEA0FE00685692 /* Assets.xcassets */ = {isa = PBXFileReference; lastKnownFileType = folder.assetcatalog; path = Assets.xcassets; sourceTree = "<group>"; };
		DCEF9A3D1EDEA0FE00685692 /* Base */ = {isa = PBXFileReference; lastKnownFileType = file.storyboard; name = Base; path = Base.lproj/LaunchScreen.storyboard; sourceTree = "<group>"; };
		DCEF9A3F1EDEA0FE00685692 /* Info.plist */ = {isa = PBXFileReference; lastKnownFileType = text.plist.xml; path = Info.plist; sourceTree = "<group>"; };
		DCEF9A451EDEA1B700685692 /* ZZWebViewController.h */ = {isa = PBXFileReference; fileEncoding = 4; lastKnownFileType = sourcecode.c.h; path = ZZWebViewController.h; sourceTree = "<group>"; };
		DCEF9A461EDEA1B700685692 /* ZZWebViewController.m */ = {isa = PBXFileReference; fileEncoding = 4; lastKnownFileType = sourcecode.c.objc; path = ZZWebViewController.m; sourceTree = "<group>"; };
		DCEF9A481EDEB92A00685692 /* test.html */ = {isa = PBXFileReference; fileEncoding = 4; lastKnownFileType = text.html; path = test.html; sourceTree = "<group>"; };
/* End PBXFileReference section */

/* Begin PBXFrameworksBuildPhase section */
		DCEF9A281EDEA0FE00685692 /* Frameworks */ = {
			isa = PBXFrameworksBuildPhase;
			buildActionMask = 2147483647;
			files = (
			);
			runOnlyForDeploymentPostprocessing = 0;
		};
/* End PBXFrameworksBuildPhase section */

/* Begin PBXGroup section */
		DCEF9A221EDEA0FE00685692 = {
			isa = PBXGroup;
			children = (
				DCEF9A2D1EDEA0FE00685692 /* WKWebView 与 JS */,
				DCEF9A2C1EDEA0FE00685692 /* Products */,
			);
			sourceTree = "<group>";
		};
		DCEF9A2C1EDEA0FE00685692 /* Products */ = {
			isa = PBXGroup;
			children = (
				DCEF9A2B1EDEA0FE00685692 /* WKWebView 与 JS.app */,
			);
			name = Products;
			sourceTree = "<group>";
		};
		DCEF9A2D1EDEA0FE00685692 /* WKWebView 与 JS */ = {
			isa = PBXGroup;
			children = (
				DCEF9A311EDEA0FE00685692 /* AppDelegate.h */,
				DCEF9A321EDEA0FE00685692 /* AppDelegate.m */,
				DCEF9A341EDEA0FE00685692 /* ViewController.h */,
				DCEF9A351EDEA0FE00685692 /* ViewController.m */,
				DCEF9A451EDEA1B700685692 /* ZZWebViewController.h */,
				DCEF9A461EDEA1B700685692 /* ZZWebViewController.m */,
				192497302064DEB1003BF342 /* BHTestViewController.h */,
				192497312064DEB1003BF342 /* BHTestViewController.m */,
				DCEF9A481EDEB92A00685692 /* test.html */,
				DCEF9A371EDEA0FE00685692 /* Main.storyboard */,
				DCEF9A3A1EDEA0FE00685692 /* Assets.xcassets */,
				DCEF9A3C1EDEA0FE00685692 /* LaunchScreen.storyboard */,
				DCEF9A3F1EDEA0FE00685692 /* Info.plist */,
				DCEF9A2E1EDEA0FE00685692 /* Supporting Files */,
			);
			path = "WKWebView 与 JS";
			sourceTree = "<group>";
		};
		DCEF9A2E1EDEA0FE00685692 /* Supporting Files */ = {
			isa = PBXGroup;
			children = (
				DCEF9A2F1EDEA0FE00685692 /* main.m */,
			);
			name = "Supporting Files";
			sourceTree = "<group>";
		};
/* End PBXGroup section */

/* Begin PBXNativeTarget section */
		DCEF9A2A1EDEA0FE00685692 /* WKWebView 与 JS */ = {
			isa = PBXNativeTarget;
			buildConfigurationList = DCEF9A421EDEA0FE00685692 /* Build configuration list for PBXNativeTarget "WKWebView 与 JS" */;
			buildPhases = (
				DCEF9A271EDEA0FE00685692 /* Sources */,
				DCEF9A281EDEA0FE00685692 /* Frameworks */,
				DCEF9A291EDEA0FE00685692 /* Resources */,
			);
			buildRules = (
			);
			dependencies = (
			);
			name = "WKWebView 与 JS";
			productName = "WKWebView 与 JS";
			productReference = DCEF9A2B1EDEA0FE00685692 /* WKWebView 与 JS.app */;
			productType = "com.apple.product-type.application";
		};
/* End PBXNativeTarget section */

/* Begin PBXProject section */
		DCEF9A231EDEA0FE00685692 /* Project object */ = {
			isa = PBXProject;
			attributes = {
				LastUpgradeCheck = 0830;
				ORGANIZATIONNAME = "凉凉";
				TargetAttributes = {
					DCEF9A2A1EDEA0FE00685692 = {
						CreatedOnToolsVersion = 8.3.1;
						ProvisioningStyle = Automatic;
					};
				};
			};
			buildConfigurationList = DCEF9A261EDEA0FE00685692 /* Build configuration list for PBXProject "WKWebView 与 JS" */;
			compatibilityVersion = "Xcode 3.2";
			developmentRegion = English;
			hasScannedForEncodings = 0;
			knownRegions = (
				en,
				Base,
			);
			mainGroup = DCEF9A221EDEA0FE00685692;
			productRefGroup = DCEF9A2C1EDEA0FE00685692 /* Products */;
			projectDirPath = "";
			projectRoot = "";
			targets = (
				DCEF9A2A1EDEA0FE00685692 /* WKWebView 与 JS */,
			);
		};
/* End PBXProject section */

/* Begin PBXResourcesBuildPhase section */
		DCEF9A291EDEA0FE00685692 /* Resources */ = {
			isa = PBXResourcesBuildPhase;
			buildActionMask = 2147483647;
			files = (
				DCEF9A491EDEB92A00685692 /* test.html in Resources */,
				DCEF9A3E1EDEA0FE00685692 /* LaunchScreen.storyboard in Resources */,
				DCEF9A3B1EDEA0FE00685692 /* Assets.xcassets in Resources */,
				DCEF9A391EDEA0FE00685692 /* Main.storyboard in Resources */,
			);
			runOnlyForDeploymentPostprocessing = 0;
		};
/* End PBXResourcesBuildPhase section */

/* Begin PBXSourcesBuildPhase section */
		DCEF9A271EDEA0FE00685692 /* Sources */ = {
			isa = PBXSourcesBuildPhase;
			buildActionMask = 2147483647;
			files = (
				DCEF9A361EDEA0FE00685692 /* ViewController.m in Sources */,
				DCEF9A471EDEA1B700685692 /* ZZWebViewController.m in Sources */,
				DCEF9A331EDEA0FE00685692 /* AppDelegate.m in Sources */,
				DCEF9A301EDEA0FE00685692 /* main.m in Sources */,
				192497322064DEB1003BF342 /* BHTestViewController.m in Sources */,
			);
			runOnlyForDeploymentPostprocessing = 0;
		};
/* End PBXSourcesBuildPhase section */

/* Begin PBXVariantGroup section */
		DCEF9A371EDEA0FE00685692 /* Main.storyboard */ = {
			isa = PBXVariantGroup;
			children = (
				DCEF9A381EDEA0FE00685692 /* Base */,
			);
			name = Main.storyboard;
			sourceTree = "<group>";
		};
		DCEF9A3C1EDEA0FE00685692 /* LaunchScreen.storyboard */ = {
			isa = PBXVariantGroup;
			children = (
				DCEF9A3D1EDEA0FE00685692 /* Base */,
			);
			name = LaunchScreen.storyboard;
			sourceTree = "<group>";
		};
/* End PBXVariantGroup section */

/* Begin XCBuildConfiguration section */
		DCEF9A401EDEA0FE00685692 /* Debug */ = {
			isa = XCBuildConfiguration;
			buildSettings = {
				ALWAYS_SEARCH_USER_PATHS = NO;
				CLANG_ANALYZER_NONNULL = YES;
				CLANG_ANALYZER_NUMBER_OBJECT_CONVERSION = YES_AGGRESSIVE;
				CLANG_CXX_LANGUAGE_STANDARD = "gnu++0x";
				CLANG_CXX_LIBRARY = "libc++";
				CLANG_ENABLE_MODULES = YES;
				CLANG_ENABLE_OBJC_ARC = YES;
				CLANG_WARN_BOOL_CONVERSION = YES;
				CLANG_WARN_CONSTANT_CONVERSION = YES;
				CLANG_WARN_DIRECT_OBJC_ISA_USAGE = YES_ERROR;
				CLANG_WARN_DOCUMENTATION_COMMENTS = YES;
				CLANG_WARN_EMPTY_BODY = YES;
				CLANG_WARN_ENUM_CONVERSION = YES;
				CLANG_WARN_INFINITE_RECURSION = YES;
				CLANG_WARN_INT_CONVERSION = YES;
				CLANG_WARN_OBJC_ROOT_CLASS = YES_ERROR;
				CLANG_WARN_SUSPICIOUS_MOVE = YES;
				CLANG_WARN_UNREACHABLE_CODE = YES;
				CLANG_WARN__DUPLICATE_METHOD_MATCH = YES;
				"CODE_SIGN_IDENTITY[sdk=iphoneos*]" = "iPhone Developer";
				COPY_PHASE_STRIP = NO;
				DEBUG_INFORMATION_FORMAT = dwarf;
				ENABLE_STRICT_OBJC_MSGSEND = YES;
				ENABLE_TESTABILITY = YES;
				GCC_C_LANGUAGE_STANDARD = gnu99;
				GCC_DYNAMIC_NO_PIC = NO;
				GCC_NO_COMMON_BLOCKS = YES;
				GCC_OPTIMIZATION_LEVEL = 0;
				GCC_PREPROCESSOR_DEFINITIONS = (
					"DEBUG=1",
					"$(inherited)",
				);
				GCC_WARN_64_TO_32_BIT_CONVERSION = YES;
				GCC_WARN_ABOUT_RETURN_TYPE = YES_ERROR;
				GCC_WARN_UNDECLARED_SELECTOR = YES;
				GCC_WARN_UNINITIALIZED_AUTOS = YES_AGGRESSIVE;
				GCC_WARN_UNUSED_FUNCTION = YES;
				GCC_WARN_UNUSED_VARIABLE = YES;
				IPHONEOS_DEPLOYMENT_TARGET = 10.3;
				MTL_ENABLE_DEBUG_INFO = YES;
				ONLY_ACTIVE_ARCH = YES;
				SDKROOT = iphoneos;
			};
			name = Debug;
		};
		DCEF9A411EDEA0FE00685692 /* Release */ = {
			isa = XCBuildConfiguration;
			buildSettings = {
				ALWAYS_SEARCH_USER_PATHS = NO;
				CLANG_ANALYZER_NONNULL = YES;
				CLANG_ANALYZER_NUMBER_OBJECT_CONVERSION = YES_AGGRESSIVE;
				CLANG_CXX_LANGUAGE_STANDARD = "gnu++0x";
				CLANG_CXX_LIBRARY = "libc++";
				CLANG_ENABLE_MODULES = YES;
				CLANG_ENABLE_OBJC_ARC = YES;
				CLANG_WARN_BOOL_CONVERSION = YES;
				CLANG_WARN_CONSTANT_CONVERSION = YES;
				CLANG_WARN_DIRECT_OBJC_ISA_USAGE = YES_ERROR;
				CLANG_WARN_DOCUMENTATION_COMMENTS = YES;
				CLANG_WARN_EMPTY_BODY = YES;
				CLANG_WARN_ENUM_CONVERSION = YES;
				CLANG_WARN_INFINITE_RECURSION = YES;
				CLANG_WARN_INT_CONVERSION = YES;
				CLANG_WARN_OBJC_ROOT_CLASS = YES_ERROR;
				CLANG_WARN_SUSPICIOUS_MOVE = YES;
				CLANG_WARN_UNREACHABLE_CODE = YES;
				CLANG_WARN__DUPLICATE_METHOD_MATCH = YES;
				"CODE_SIGN_IDENTITY[sdk=iphoneos*]" = "iPhone Developer";
				COPY_PHASE_STRIP = NO;
				DEBUG_INFORMATION_FORMAT = "dwarf-with-dsym";
				ENABLE_NS_ASSERTIONS = NO;
				ENABLE_STRICT_OBJC_MSGSEND = YES;
				GCC_C_LANGUAGE_STANDARD = gnu99;
				GCC_NO_COMMON_BLOCKS = YES;
				GCC_WARN_64_TO_32_BIT_CONVERSION = YES;
				GCC_WARN_ABOUT_RETURN_TYPE = YES_ERROR;
				GCC_WARN_UNDECLARED_SELECTOR = YES;
				GCC_WARN_UNINITIALIZED_AUTOS = YES_AGGRESSIVE;
				GCC_WARN_UNUSED_FUNCTION = YES;
				GCC_WARN_UNUSED_VARIABLE = YES;
				IPHONEOS_DEPLOYMENT_TARGET = 10.3;
				MTL_ENABLE_DEBUG_INFO = NO;
				SDKROOT = iphoneos;
				VALIDATE_PRODUCT = YES;
			};
			name = Release;
		};
		DCEF9A431EDEA0FE00685692 /* Debug */ = {
			isa = XCBuildConfiguration;
			buildSettings = {
				ASSETCATALOG_COMPILER_APPICON_NAME = AppIcon;
				INFOPLIST_FILE = "WKWebView 与 JS/Info.plist";
				LD_RUNPATH_SEARCH_PATHS = "$(inherited) @executable_path/Frameworks";
				PRODUCT_BUNDLE_IDENTIFIER = "cn.13yue.www.WKWebView---JS";
				PRODUCT_NAME = "$(TARGET_NAME)";
			};
			name = Debug;
		};
		DCEF9A441EDEA0FE00685692 /* Release */ = {
			isa = XCBuildConfiguration;
			buildSettings = {
				ASSETCATALOG_COMPILER_APPICON_NAME = AppIcon;
				INFOPLIST_FILE = "WKWebView 与 JS/Info.plist";
				LD_RUNPATH_SEARCH_PATHS = "$(inherited) @executable_path/Frameworks";
				PRODUCT_BUNDLE_IDENTIFIER = "cn.13yue.www.WKWebView---JS";
				PRODUCT_NAME = "$(TARGET_NAME)";
			};
			name = Release;
		};
/* End XCBuildConfiguration section */

/* Begin XCConfigurationList section */
		DCEF9A261EDEA0FE00685692 /* Build configuration list for PBXProject "WKWebView 与 JS" */ = {
			isa = XCConfigurationList;
			buildConfigurations = (
				DCEF9A401EDEA0FE00685692 /* Debug */,
				DCEF9A411EDEA0FE00685692 /* Release */,
			);
			defaultConfigurationIsVisible = 0;
			defaultConfigurationName = Release;
		};
		DCEF9A421EDEA0FE00685692 /* Build configuration list for PBXNativeTarget "WKWebView 与 JS" */ = {
			isa = XCConfigurationList;
			buildConfigurations = (
				DCEF9A431EDEA0FE00685692 /* Debug */,
				DCEF9A441EDEA0FE00685692 /* Release */,
			);
			defaultConfigurationIsVisible = 0;
			defaultConfigurationName = Release;
		};
/* End XCConfigurationList section */
	};
	rootObject = DCEF9A231EDEA0FE00685692 /* Project object */;
}
